
Microsoft Visual Studio Solution File, Format Version 12.00
# Visual Studio Version 17
VisualStudioVersion = 17.9.34701.34
MinimumVisualStudioVersion = 10.0.40219.1
Project("{FAE04EC0-301F-11D3-BF4B-00C04F79EFBC}") = "ValidationLibrary", "ValidationLibrary.csproj", "{1F9AC9C8-0343-4439-BB44-0C2BDBF297C4}"
EndProject
Project("{FAE04EC0-301F-11D3-BF4B-00C04F79EFBC}") = "ConsoleApp1_Test_library", "..\ConsoleApp1_Test_library\ConsoleApp1_Test_library.csproj", "{64C4298C-24D1-4C53-B014-F3FC1AEB84DF}"
EndProject
Global
	GlobalSection(SolutionConfigurationPlatforms) = preSolution
		Debug|Any CPU = Debug|Any CPU
		Release|Any CPU = Release|Any CPU
	EndGlobalSection
	GlobalSection(ProjectConfigurationPlatforms) = postSolution
		{1F9AC9C8-0343-4439-BB44-0C2BDBF297C4}.Debug|Any CPU.ActiveCfg = Debug|Any CPU
		{1F9AC9C8-0343-4439-BB44-0C2BDBF297C4}.Debug|Any CPU.Build.0 = Debug|Any CPU
		{1F9AC9C8-0343-4439-BB44-0C2BDBF297C4}.Release|Any CPU.ActiveCfg = Release|Any CPU
		{1F9AC9C8-0343-4439-BB44-0C2BDBF297C4}.Release|Any CPU.Build.0 = Release|Any CPU
		{64C4298C-24D1-4C53-B014-F3FC1AEB84DF}.Debug|Any CPU.ActiveCfg = Debug|Any CPU
		{64C4298C-24D1-4C53-B014-F3FC1AEB84DF}.Debug|Any CPU.Build.0 = Debug|Any CPU
		{64C4298C-24D1-4C53-B014-F3FC1AEB84DF}.Release|Any CPU.ActiveCfg = Release|Any CPU
		{64C4298C-24D1-4C53-B014-F3FC1AEB84DF}.Release|Any CPU.Build.0 = Release|Any CPU
	EndGlobalSection
	GlobalSection(SolutionProperties) = preSolution
		HideSolutionNode = FALSE
	EndGlobalSection
	GlobalSection(ExtensibilityGlobals) = postSolution
		SolutionGuid = {37D35584-BE19-478A-8886-189F96662F16}
	EndGlobalSection
EndGlobal
